{
  "name": "jb-payment-input",
  "version": "3.0.6",
  "lockfileVersion": 3,
  "requires": true,
  "packages": {
    "": {
      "name": "jb-payment-input",
      "version": "3.0.6",
      "license": "MIT",
      "workspaces": [
        "bank-indicator"
      ]
    },
    "bank-indicator": {
      "version": "1.0.0",
      "license": "MIT"
    },
    "node_modules/bank-indicator": {
      "resolved": "bank-indicator",
      "link": true
    }
  }
}
